
Microsoft Visual Studio Solution File, Format Version 12.00
# Visual Studio 2017
<<<<<<< HEAD
Project("{FAE04EC0-301F-11D3-BF4B-00C04F79EFBC}") = "Escape Room", "Escape Room.csproj", "{114E0638-2938-25B0-5712-34867C2F3730}"
EndProject
Project("{FAE04EC0-301F-11D3-BF4B-00C04F79EFBC}") = "Escape Room.Plugins", "Escape Room.Plugins.csproj", "{7DC610FB-4F54-E839-2381-5B2C31C1CD71}"
EndProject
=======
Project("{FAE04EC0-301F-11D3-BF4B-00C04F79EFBC}") = "Escape Room.Plugins", "Escape Room.Plugins.csproj", "{7DC610FB-4F54-E839-2381-5B2C31C1CD71}"
EndProject
Project("{FAE04EC0-301F-11D3-BF4B-00C04F79EFBC}") = "Escape Room", "Escape Room.csproj", "{114E0638-2938-25B0-5712-34867C2F3730}"
EndProject
>>>>>>> f31ca04cde271de76a09845f45fe7da8e0dddfca
Project("{FAE04EC0-301F-11D3-BF4B-00C04F79EFBC}") = "Escape Room.Editor.Plugins", "Escape Room.Editor.Plugins.csproj", "{1102C65A-4B53-4110-DE74-492D7A345219}"
EndProject
Project("{FAE04EC0-301F-11D3-BF4B-00C04F79EFBC}") = "Escape Room.Editor", "Escape Room.Editor.csproj", "{6004E079-6F50-6255-C33B-6E970C8C9721}"
EndProject
Global
	GlobalSection(SolutionConfigurationPlatforms) = preSolution
		Debug|Any CPU = Debug|Any CPU
		Release|Any CPU = Release|Any CPU
	EndGlobalSection
	GlobalSection(ProjectConfigurationPlatforms) = postSolution
<<<<<<< HEAD
=======
		{7DC610FB-4F54-E839-2381-5B2C31C1CD71}.Debug|Any CPU.ActiveCfg = Debug|Any CPU
		{7DC610FB-4F54-E839-2381-5B2C31C1CD71}.Debug|Any CPU.Build.0 = Debug|Any CPU
		{7DC610FB-4F54-E839-2381-5B2C31C1CD71}.Release|Any CPU.ActiveCfg = Release|Any CPU
		{7DC610FB-4F54-E839-2381-5B2C31C1CD71}.Release|Any CPU.Build.0 = Release|Any CPU
>>>>>>> f31ca04cde271de76a09845f45fe7da8e0dddfca
		{114E0638-2938-25B0-5712-34867C2F3730}.Debug|Any CPU.ActiveCfg = Debug|Any CPU
		{114E0638-2938-25B0-5712-34867C2F3730}.Debug|Any CPU.Build.0 = Debug|Any CPU
		{114E0638-2938-25B0-5712-34867C2F3730}.Release|Any CPU.ActiveCfg = Release|Any CPU
		{114E0638-2938-25B0-5712-34867C2F3730}.Release|Any CPU.Build.0 = Release|Any CPU
		{7DC610FB-4F54-E839-2381-5B2C31C1CD71}.Debug|Any CPU.ActiveCfg = Debug|Any CPU
		{7DC610FB-4F54-E839-2381-5B2C31C1CD71}.Debug|Any CPU.Build.0 = Debug|Any CPU
		{7DC610FB-4F54-E839-2381-5B2C31C1CD71}.Release|Any CPU.ActiveCfg = Release|Any CPU
		{7DC610FB-4F54-E839-2381-5B2C31C1CD71}.Release|Any CPU.Build.0 = Release|Any CPU
		{1102C65A-4B53-4110-DE74-492D7A345219}.Debug|Any CPU.ActiveCfg = Debug|Any CPU
		{1102C65A-4B53-4110-DE74-492D7A345219}.Debug|Any CPU.Build.0 = Debug|Any CPU
		{1102C65A-4B53-4110-DE74-492D7A345219}.Release|Any CPU.ActiveCfg = Release|Any CPU
		{1102C65A-4B53-4110-DE74-492D7A345219}.Release|Any CPU.Build.0 = Release|Any CPU
		{6004E079-6F50-6255-C33B-6E970C8C9721}.Debug|Any CPU.ActiveCfg = Debug|Any CPU
		{6004E079-6F50-6255-C33B-6E970C8C9721}.Debug|Any CPU.Build.0 = Debug|Any CPU
		{6004E079-6F50-6255-C33B-6E970C8C9721}.Release|Any CPU.ActiveCfg = Release|Any CPU
		{6004E079-6F50-6255-C33B-6E970C8C9721}.Release|Any CPU.Build.0 = Release|Any CPU
	EndGlobalSection
	GlobalSection(SolutionProperties) = preSolution
		HideSolutionNode = FALSE
	EndGlobalSection
EndGlobal
